
Microsoft Visual Studio Solution File, Format Version 12.00
# Visual Studio Version 17
VisualStudioVersion = 17.13.35806.99 d17.13
MinimumVisualStudioVersion = 10.0.40219.1
Project("{FAE04EC0-301F-11D3-BF4B-00C04F79EFBC}") = "Baitap3.1", "Baitap3.1\Baitap3.1.csproj", "{1B8E736B-CE14-47FB-9DF6-D4FD2E5EDC5A}"
EndProject
Global
	GlobalSection(SolutionConfigurationPlatforms) = preSolution
		Debug|Any CPU = Debug|Any CPU
		Release|Any CPU = Release|Any CPU
	EndGlobalSection
	GlobalSection(ProjectConfigurationPlatforms) = postSolution
		{1B8E736B-CE14-47FB-9DF6-D4FD2E5EDC5A}.Debug|Any CPU.ActiveCfg = Debug|Any CPU
		{1B8E736B-CE14-47FB-9DF6-D4FD2E5EDC5A}.Debug|Any CPU.Build.0 = Debug|Any CPU
		{1B8E736B-CE14-47FB-9DF6-D4FD2E5EDC5A}.Release|Any CPU.ActiveCfg = Release|Any CPU
		{1B8E736B-CE14-47FB-9DF6-D4FD2E5EDC5A}.Release|Any CPU.Build.0 = Release|Any CPU
	EndGlobalSection
	GlobalSection(SolutionProperties) = preSolution
		HideSolutionNode = FALSE
	EndGlobalSection
	GlobalSection(ExtensibilityGlobals) = postSolution
		SolutionGuid = {B3153FC9-5E82-4EC4-AA0B-905D6E939114}
	EndGlobalSection
EndGlobal
